
Microsoft Visual Studio Solution File, Format Version 12.00
# Visual Studio Version 17
VisualStudioVersion = 17.10.35027.167
MinimumVisualStudioVersion = 10.0.40219.1
Project("{9A19103F-16F7-4668-BE54-9A1E7A4F7556}") = "NAVITUS-LT", "NAVITUS-LT.csproj", "{FB1B7D0D-7067-46A6-A9D3-468FE90F18E3}"
EndProject
Global
	GlobalSection(SolutionConfigurationPlatforms) = preSolution
		Debug|Any CPU = Debug|Any CPU
		Release|Any CPU = Release|Any CPU
	EndGlobalSection
	GlobalSection(ProjectConfigurationPlatforms) = postSolution
		{FB1B7D0D-7067-46A6-A9D3-468FE90F18E3}.Debug|Any CPU.ActiveCfg = Debug|Any CPU
		{FB1B7D0D-7067-46A6-A9D3-468FE90F18E3}.Debug|Any CPU.Build.0 = Debug|Any CPU
		{FB1B7D0D-7067-46A6-A9D3-468FE90F18E3}.Release|Any CPU.ActiveCfg = Release|Any CPU
		{FB1B7D0D-7067-46A6-A9D3-468FE90F18E3}.Release|Any CPU.Build.0 = Release|Any CPU
	EndGlobalSection
	GlobalSection(SolutionProperties) = preSolution
		HideSolutionNode = FALSE
	EndGlobalSection
	GlobalSection(ExtensibilityGlobals) = postSolution
		SolutionGuid = {EC335E53-9DE7-4F5C-8119-DC8917B13AAF}
	EndGlobalSection
EndGlobal
